
Microsoft Visual Studio Solution File, Format Version 12.00
# Visual Studio 15
VisualStudioVersion = 15.0.27004.2002
MinimumVisualStudioVersion = 10.0.40219.1
Project("{FAE04EC0-301F-11D3-BF4B-00C04F79EFBC}") = "EngEdu", "EngEdu\EngEdu.csproj", "{C27D6858-6533-409E-9E06-3C5BA11F69A6}"
EndProject
Global
	GlobalSection(SolutionConfigurationPlatforms) = preSolution
		Debug|Any CPU = Debug|Any CPU
		Release|Any CPU = Release|Any CPU
	EndGlobalSection
	GlobalSection(ProjectConfigurationPlatforms) = postSolution
		{C27D6858-6533-409E-9E06-3C5BA11F69A6}.Debug|Any CPU.ActiveCfg = Debug|Any CPU
		{C27D6858-6533-409E-9E06-3C5BA11F69A6}.Debug|Any CPU.Build.0 = Debug|Any CPU
		{C27D6858-6533-409E-9E06-3C5BA11F69A6}.Release|Any CPU.ActiveCfg = Release|Any CPU
		{C27D6858-6533-409E-9E06-3C5BA11F69A6}.Release|Any CPU.Build.0 = Release|Any CPU
	EndGlobalSection
	GlobalSection(SolutionProperties) = preSolution
		HideSolutionNode = FALSE
	EndGlobalSection
	GlobalSection(ExtensibilityGlobals) = postSolution
		SolutionGuid = {43DD1D7F-5D75-4AC2-8C1C-9686BF982BDB}
	EndGlobalSection
EndGlobal
